{
  "name": "solidjs-swiper",
  "version": "1.0.0",
  "lockfileVersion": 2,
  "requires": true,
  "packages": {
    "": {
      "name": "solidjs-swiper",
      "version": "1.0.0",
      "license": "MIT",
      "devDependencies": {
        "solid-js": "^1.5.3",
        "typescript": "^4.8.3"
      },
      "peerDependencies": {
        "solid-js": "^1.5.3"
      }
    },
    "node_modules/csstype": {
      "version": "3.1.1",
      "resolved": "https://registry.npmjs.org/csstype/-/csstype-3.1.1.tgz",
      "integrity": "sha512-DJR/VvkAvSZW9bTouZue2sSxDwdTN92uHjqeKVm+0dAqdfNykRzQ95tay8aXMBAAPpUiq4Qcug2L7neoRh2Egw==",
      "dev": true
    },
    "node_modules/solid-js": {
      "version": "1.5.6",
      "resolved": "https://registry.npmjs.org/solid-js/-/solid-js-1.5.6.tgz",
      "integrity": "sha512-EA7hjMIEdDUuV6Fk3WUQ2fPx7sRnhjl+3M59zj6Sh+c7c3JF3N1cSViBvX8MYJG9vEBEqKQBZUfKHPe/9JgKvQ==",
      "dev": true,
      "dependencies": {
        "csstype": "^3.1.0"
      }
    },
    "node_modules/typescript": {
      "version": "4.8.3",
      "resolved": "https://registry.npmjs.org/typescript/-/typescript-4.8.3.tgz",
      "integrity": "sha512-goMHfm00nWPa8UvR/CPSvykqf6dVV8x/dp0c5mFTMTIu0u0FlGWRioyy7Nn0PGAdHxpJZnuO/ut+PpQ8UiHAig==",
      "dev": true,
      "bin": {
        "tsc": "bin/tsc",
        "tsserver": "bin/tsserver"
      },
      "engines": {
        "node": ">=4.2.0"
      }
    }
  },
  "dependencies": {
    "csstype": {
      "version": "3.1.1",
      "resolved": "https://registry.npmjs.org/csstype/-/csstype-3.1.1.tgz",
      "integrity": "sha512-DJR/VvkAvSZW9bTouZue2sSxDwdTN92uHjqeKVm+0dAqdfNykRzQ95tay8aXMBAAPpUiq4Qcug2L7neoRh2Egw==",
      "dev": true
    },
    "solid-js": {
      "version": "1.5.6",
      "resolved": "https://registry.npmjs.org/solid-js/-/solid-js-1.5.6.tgz",
      "integrity": "sha512-EA7hjMIEdDUuV6Fk3WUQ2fPx7sRnhjl+3M59zj6Sh+c7c3JF3N1cSViBvX8MYJG9vEBEqKQBZUfKHPe/9JgKvQ==",
      "dev": true,
      "requires": {
        "csstype": "^3.1.0"
      }
    },
    "typescript": {
      "version": "4.8.3",
      "resolved": "https://registry.npmjs.org/typescript/-/typescript-4.8.3.tgz",
      "integrity": "sha512-goMHfm00nWPa8UvR/CPSvykqf6dVV8x/dp0c5mFTMTIu0u0FlGWRioyy7Nn0PGAdHxpJZnuO/ut+PpQ8UiHAig==",
      "dev": true
    }
  }
}
